// !$*UTF8*$!
{
	archiveVersion = 1;
	classes = {
	};
	objectVersion = 77;
	objects = {

/* Begin PBXBuildFile section */
		62ED35132D6622B2003E8157 /* M2Extensions in Frameworks */ = {isa = PBXBuildFile; productRef = 62ED35122D6622B2003E8157 /* M2Extensions */; };
/* End PBXBuildFile section */

/* Begin PBXContainerItemProxy section */
		62ED34F22D65F6E9003E8157 /* PBXContainerItemProxy */ = {
			isa = PBXContainerItemProxy;
			containerPortal = 62ED34CD2D65F6E7003E8157 /* Project object */;
			proxyType = 1;
			remoteGlobalIDString = 62ED34D42D65F6E7003E8157;
			remoteInfo = MyTerminal;
		};
/* End PBXContainerItemProxy section */

/* Begin PBXCopyFilesBuildPhase section */
		628837192D6DF1D9007F14AC /* CopyFiles */ = {
			isa = PBXCopyFilesBuildPhase;
			buildActionMask = 2147483647;
			dstPath = "include/$(PRODUCT_NAME)";
			dstSubfolderSpec = 16;
			files = (
			);
			runOnlyForDeploymentPostprocessing = 0;
		};
		628837242D6DF21B007F14AC /* CopyFiles */ = {
			isa = PBXCopyFilesBuildPhase;
			buildActionMask = 2147483647;
			dstPath = "include/$(PRODUCT_NAME)";
			dstSubfolderSpec = 16;
			files = (
			);
			runOnlyForDeploymentPostprocessing = 0;
		};
		62ED35362D662989003E8157 /* CopyFiles */ = {
			isa = PBXCopyFilesBuildPhase;
			buildActionMask = 2147483647;
			dstPath = "include/$(PRODUCT_NAME)";
			dstSubfolderSpec = 16;
			files = (
			);
			runOnlyForDeploymentPostprocessing = 0;
		};
/* End PBXCopyFilesBuildPhase section */

/* Begin PBXFileReference section */
		6288371B2D6DF1D9007F14AC /* libDomain.a */ = {isa = PBXFileReference; explicitFileType = archive.ar; includeInIndex = 0; path = libDomain.a; sourceTree = BUILT_PRODUCTS_DIR; };
		628837262D6DF21B007F14AC /* libData.a */ = {isa = PBXFileReference; explicitFileType = archive.ar; includeInIndex = 0; path = libData.a; sourceTree = BUILT_PRODUCTS_DIR; };
		62ED34D52D65F6E7003E8157 /* MyTerminal.app */ = {isa = PBXFileReference; explicitFileType = wrapper.application; includeInIndex = 0; path = MyTerminal.app; sourceTree = BUILT_PRODUCTS_DIR; };
		62ED34F12D65F6E9003E8157 /* MyTerminalUITests.xctest */ = {isa = PBXFileReference; explicitFileType = wrapper.cfbundle; includeInIndex = 0; path = MyTerminalUITests.xctest; sourceTree = BUILT_PRODUCTS_DIR; };
		62ED35382D662989003E8157 /* libPresentation.a */ = {isa = PBXFileReference; explicitFileType = archive.ar; includeInIndex = 0; path = libPresentation.a; sourceTree = BUILT_PRODUCTS_DIR; };
/* End PBXFileReference section */

/* Begin PBXFileSystemSynchronizedBuildFileExceptionSet section */
		62F1FEA32D6CC64200DC2251 /* Exceptions for "MyTerminal" folder in "Presentation" target */ = {
			isa = PBXFileSystemSynchronizedBuildFileExceptionSet;
			membershipExceptions = (
				Generic/Util/Extension/DateExtension.swift,
				Generic/Util/Extension/FlightStatusExtension.swift,
				Generic/Util/Extension/TypedUIStateExtension.swift,
			);
			target = 62ED35372D662989003E8157 /* Presentation */;
		};
/* End PBXFileSystemSynchronizedBuildFileExceptionSet section */

/* Begin PBXFileSystemSynchronizedRootGroup section */
		62ED34D72D65F6E7003E8157 /* MyTerminal */ = {
			isa = PBXFileSystemSynchronizedRootGroup;
			exceptions = (
				62F1FEA32D6CC64200DC2251 /* Exceptions for "MyTerminal" folder in "Presentation" target */,
			);
			path = MyTerminal;
			sourceTree = "<group>";
		};
		62ED34F42D65F6E9003E8157 /* MyTerminalUITests */ = {
			isa = PBXFileSystemSynchronizedRootGroup;
			path = MyTerminalUITests;
			sourceTree = "<group>";
		};
		62ED35392D662989003E8157 /* Presentation */ = {
			isa = PBXFileSystemSynchronizedRootGroup;
			path = Presentation;
			sourceTree = "<group>";
		};
/* End PBXFileSystemSynchronizedRootGroup section */

/* Begin PBXFrameworksBuildPhase section */
		628837182D6DF1D9007F14AC /* Frameworks */ = {
			isa = PBXFrameworksBuildPhase;
			buildActionMask = 2147483647;
			files = (
			);
			runOnlyForDeploymentPostprocessing = 0;
		};
		628837232D6DF21B007F14AC /* Frameworks */ = {
			isa = PBXFrameworksBuildPhase;
			buildActionMask = 2147483647;
			files = (
			);
			runOnlyForDeploymentPostprocessing = 0;
		};
		62ED34D22D65F6E7003E8157 /* Frameworks */ = {
			isa = PBXFrameworksBuildPhase;
			buildActionMask = 2147483647;
			files = (
				62ED35132D6622B2003E8157 /* M2Extensions in Frameworks */,
			);
			runOnlyForDeploymentPostprocessing = 0;
		};
		62ED34EE2D65F6E9003E8157 /* Frameworks */ = {
			isa = PBXFrameworksBuildPhase;
			buildActionMask = 2147483647;
			files = (
			);
			runOnlyForDeploymentPostprocessing = 0;
		};
		62ED35352D662989003E8157 /* Frameworks */ = {
			isa = PBXFrameworksBuildPhase;
			buildActionMask = 2147483647;
			files = (
			);
			runOnlyForDeploymentPostprocessing = 0;
		};
/* End PBXFrameworksBuildPhase section */

/* Begin PBXGroup section */
		62ED34CC2D65F6E7003E8157 = {
			isa = PBXGroup;
			children = (
				62ED34D72D65F6E7003E8157 /* MyTerminal */,
				62ED34F42D65F6E9003E8157 /* MyTerminalUITests */,
				62ED35392D662989003E8157 /* Presentation */,
				62ED34D62D65F6E7003E8157 /* Products */,
			);
			sourceTree = "<group>";
		};
		62ED34D62D65F6E7003E8157 /* Products */ = {
			isa = PBXGroup;
			children = (
				62ED34D52D65F6E7003E8157 /* MyTerminal.app */,
				62ED34F12D65F6E9003E8157 /* MyTerminalUITests.xctest */,
				62ED35382D662989003E8157 /* libPresentation.a */,
				6288371B2D6DF1D9007F14AC /* libDomain.a */,
				628837262D6DF21B007F14AC /* libData.a */,
			);
			name = Products;
			sourceTree = "<group>";
		};
/* End PBXGroup section */

/* Begin PBXNativeTarget section */
		6288371A2D6DF1D9007F14AC /* Domain */ = {
			isa = PBXNativeTarget;
			buildConfigurationList = 6288371F2D6DF1D9007F14AC /* Build configuration list for PBXNativeTarget "Domain" */;
			buildPhases = (
				628837172D6DF1D9007F14AC /* Sources */,
				628837182D6DF1D9007F14AC /* Frameworks */,
				628837192D6DF1D9007F14AC /* CopyFiles */,
			);
			buildRules = (
			);
			dependencies = (
			);
			name = Domain;
			packageProductDependencies = (
			);
			productName = Domain;
			productReference = 6288371B2D6DF1D9007F14AC /* libDomain.a */;
			productType = "com.apple.product-type.library.static";
		};
		628837252D6DF21B007F14AC /* Data */ = {
			isa = PBXNativeTarget;
			buildConfigurationList = 6288372A2D6DF21B007F14AC /* Build configuration list for PBXNativeTarget "Data" */;
			buildPhases = (
				628837222D6DF21B007F14AC /* Sources */,
				628837232D6DF21B007F14AC /* Frameworks */,
				628837242D6DF21B007F14AC /* CopyFiles */,
			);
			buildRules = (
			);
			dependencies = (
			);
			name = Data;
			packageProductDependencies = (
			);
			productName = Data;
			productReference = 628837262D6DF21B007F14AC /* libData.a */;
			productType = "com.apple.product-type.library.static";
		};
		62ED34D42D65F6E7003E8157 /* MyTerminal */ = {
			isa = PBXNativeTarget;
			buildConfigurationList = 62ED34FB2D65F6E9003E8157 /* Build configuration list for PBXNativeTarget "MyTerminal" */;
			buildPhases = (
				623BF2D72D8B017400672D3C /* Compile Kotlin Framework */,
				62ED34D12D65F6E7003E8157 /* Sources */,
				62ED34D22D65F6E7003E8157 /* Frameworks */,
				62ED34D32D65F6E7003E8157 /* Resources */,
			);
			buildRules = (
			);
			dependencies = (
			);
			fileSystemSynchronizedGroups = (
				62ED34D72D65F6E7003E8157 /* MyTerminal */,
				62ED35392D662989003E8157 /* Presentation */,
			);
			name = MyTerminal;
			packageProductDependencies = (
				62ED35122D6622B2003E8157 /* M2Extensions */,
			);
			productName = MyTerminal;
			productReference = 62ED34D52D65F6E7003E8157 /* MyTerminal.app */;
			productType = "com.apple.product-type.application";
		};
		62ED34F02D65F6E9003E8157 /* MyTerminalUITests */ = {
			isa = PBXNativeTarget;
			buildConfigurationList = 62ED35012D65F6E9003E8157 /* Build configuration list for PBXNativeTarget "MyTerminalUITests" */;
			buildPhases = (
				62ED34ED2D65F6E9003E8157 /* Sources */,
				62ED34EE2D65F6E9003E8157 /* Frameworks */,
				62ED34EF2D65F6E9003E8157 /* Resources */,
			);
			buildRules = (
			);
			dependencies = (
				62ED34F32D65F6E9003E8157 /* PBXTargetDependency */,
			);
			fileSystemSynchronizedGroups = (
				62ED34F42D65F6E9003E8157 /* MyTerminalUITests */,
			);
			name = MyTerminalUITests;
			packageProductDependencies = (
			);
			productName = MyTerminalUITests;
			productReference = 62ED34F12D65F6E9003E8157 /* MyTerminalUITests.xctest */;
			productType = "com.apple.product-type.bundle.ui-testing";
		};
		62ED35372D662989003E8157 /* Presentation */ = {
			isa = PBXNativeTarget;
			buildConfigurationList = 62ED353C2D662989003E8157 /* Build configuration list for PBXNativeTarget "Presentation" */;
			buildPhases = (
				62ED35342D662989003E8157 /* Sources */,
				62ED35352D662989003E8157 /* Frameworks */,
				62ED35362D662989003E8157 /* CopyFiles */,
			);
			buildRules = (
			);
			dependencies = (
			);
			fileSystemSynchronizedGroups = (
				62ED35392D662989003E8157 /* Presentation */,
			);
			name = Presentation;
			packageProductDependencies = (
			);
			productName = Presentation;
			productReference = 62ED35382D662989003E8157 /* libPresentation.a */;
			productType = "com.apple.product-type.library.static";
		};
/* End PBXNativeTarget section */

/* Begin PBXProject section */
		62ED34CD2D65F6E7003E8157 /* Project object */ = {
			isa = PBXProject;
			attributes = {
				BuildIndependentTargetsInParallel = 1;
				LastSwiftUpdateCheck = 1620;
				LastUpgradeCheck = 1620;
				TargetAttributes = {
					6288371A2D6DF1D9007F14AC = {
						CreatedOnToolsVersion = 16.2;
						LastSwiftMigration = 1620;
					};
					628837252D6DF21B007F14AC = {
						CreatedOnToolsVersion = 16.2;
					};
					62ED34D42D65F6E7003E8157 = {
						CreatedOnToolsVersion = 16.2;
					};
					62ED34F02D65F6E9003E8157 = {
						CreatedOnToolsVersion = 16.2;
						TestTargetID = 62ED34D42D65F6E7003E8157;
					};
					62ED35372D662989003E8157 = {
						CreatedOnToolsVersion = 16.2;
						LastSwiftMigration = 1620;
					};
				};
			};
			buildConfigurationList = 62ED34D02D65F6E7003E8157 /* Build configuration list for PBXProject "MyTerminal" */;
			developmentRegion = en;
			hasScannedForEncodings = 0;
			knownRegions = (
				en,
				Base,
			);
			mainGroup = 62ED34CC2D65F6E7003E8157;
			minimizedProjectReferenceProxies = 1;
			packageReferences = (
				62ED350F2D662244003E8157 /* XCRemoteSwiftPackageReference "StyleKit" */,
				62ED35102D66228C003E8157 /* XCRemoteSwiftPackageReference "M2Webstack" */,
				62ED35112D6622B2003E8157 /* XCRemoteSwiftPackageReference "M2Extensions" */,
			);
			preferredProjectObjectVersion = 77;
			productRefGroup = 62ED34D62D65F6E7003E8157 /* Products */;
			projectDirPath = "";
			projectRoot = "";
			targets = (
				62ED34D42D65F6E7003E8157 /* MyTerminal */,
				62ED34F02D65F6E9003E8157 /* MyTerminalUITests */,
				62ED35372D662989003E8157 /* Presentation */,
				6288371A2D6DF1D9007F14AC /* Domain */,
				628837252D6DF21B007F14AC /* Data */,
			);
		};
/* End PBXProject section */

/* Begin PBXResourcesBuildPhase section */
		62ED34D32D65F6E7003E8157 /* Resources */ = {
			isa = PBXResourcesBuildPhase;
			buildActionMask = 2147483647;
			files = (
			);
			runOnlyForDeploymentPostprocessing = 0;
		};
		62ED34EF2D65F6E9003E8157 /* Resources */ = {
			isa = PBXResourcesBuildPhase;
			buildActionMask = 2147483647;
			files = (
			);
			runOnlyForDeploymentPostprocessing = 0;
		};
/* End PBXResourcesBuildPhase section */

/* Begin PBXShellScriptBuildPhase section */
		623BF2D72D8B017400672D3C /* Compile Kotlin Framework */ = {
			isa = PBXShellScriptBuildPhase;
			buildActionMask = 2147483647;
			files = (
			);
			inputFileListPaths = (
			);
			inputPaths = (
			);
			name = "Compile Kotlin Framework";
			outputFileListPaths = (
			);
			outputPaths = (
			);
			runOnlyForDeploymentPostprocessing = 0;
			shellPath = /bin/sh;
			shellScript = "# Type a script or drag a script file from your workspace to insert its path.\ncd \"$SRCROOT/myterminal-shared\"\n./gradlew :myterminal-domain:embedAndSignAppleFrameworkForXcode\n./gradlew :myterminal-shared:embedAndSignAppleFrameworkForXcode\n";
		};
/* End PBXShellScriptBuildPhase section */

/* Begin PBXSourcesBuildPhase section */
		628837172D6DF1D9007F14AC /* Sources */ = {
			isa = PBXSourcesBuildPhase;
			buildActionMask = 2147483647;
			files = (
			);
			runOnlyForDeploymentPostprocessing = 0;
		};
		628837222D6DF21B007F14AC /* Sources */ = {
			isa = PBXSourcesBuildPhase;
			buildActionMask = 2147483647;
			files = (
			);
			runOnlyForDeploymentPostprocessing = 0;
		};
		62ED34D12D65F6E7003E8157 /* Sources */ = {
			isa = PBXSourcesBuildPhase;
			buildActionMask = 2147483647;
			files = (
			);
			runOnlyForDeploymentPostprocessing = 0;
		};
		62ED34ED2D65F6E9003E8157 /* Sources */ = {
			isa = PBXSourcesBuildPhase;
			buildActionMask = 2147483647;
			files = (
			);
			runOnlyForDeploymentPostprocessing = 0;
		};
		62ED35342D662989003E8157 /* Sources */ = {
			isa = PBXSourcesBuildPhase;
			buildActionMask = 2147483647;
			files = (
			);
			runOnlyForDeploymentPostprocessing = 0;
		};
/* End PBXSourcesBuildPhase section */

/* Begin PBXTargetDependency section */
		62ED34F32D65F6E9003E8157 /* PBXTargetDependency */ = {
			isa = PBXTargetDependency;
			target = 62ED34D42D65F6E7003E8157 /* MyTerminal */;
			targetProxy = 62ED34F22D65F6E9003E8157 /* PBXContainerItemProxy */;
		};
/* End PBXTargetDependency section */

/* Begin XCBuildConfiguration section */
		628837202D6DF1D9007F14AC /* Debug */ = {
			isa = XCBuildConfiguration;
			buildSettings = {
				CLANG_ENABLE_MODULES = YES;
				CODE_SIGN_STYLE = Automatic;
				DEVELOPMENT_TEAM = Q6MFDLR9MG;
				IPHONEOS_DEPLOYMENT_TARGET = 18.2;
				OTHER_LDFLAGS = "-ObjC";
				PRODUCT_NAME = "$(TARGET_NAME)";
				SKIP_INSTALL = YES;
				SWIFT_OBJC_BRIDGING_HEADER = "Domain/Details/Domain-Bridging-Header.h";
				SWIFT_OPTIMIZATION_LEVEL = "-Onone";
				SWIFT_VERSION = 5.0;
				TARGETED_DEVICE_FAMILY = "1,2";
			};
			name = Debug;
		};
		628837212D6DF1D9007F14AC /* Release */ = {
			isa = XCBuildConfiguration;
			buildSettings = {
				CLANG_ENABLE_MODULES = YES;
				CODE_SIGN_STYLE = Automatic;
				DEVELOPMENT_TEAM = Q6MFDLR9MG;
				IPHONEOS_DEPLOYMENT_TARGET = 18.2;
				OTHER_LDFLAGS = "-ObjC";
				PRODUCT_NAME = "$(TARGET_NAME)";
				SKIP_INSTALL = YES;
				SWIFT_OBJC_BRIDGING_HEADER = "Domain/Details/Domain-Bridging-Header.h";
				SWIFT_VERSION = 5.0;
				TARGETED_DEVICE_FAMILY = "1,2";
			};
			name = Release;
		};
		6288372B2D6DF21B007F14AC /* Debug */ = {
			isa = XCBuildConfiguration;
			buildSettings = {
				CODE_SIGN_STYLE = Automatic;
				DEVELOPMENT_TEAM = Q6MFDLR9MG;
				IPHONEOS_DEPLOYMENT_TARGET = 18.2;
				OTHER_LDFLAGS = "-ObjC";
				PRODUCT_NAME = "$(TARGET_NAME)";
				SKIP_INSTALL = YES;
				SWIFT_VERSION = 5.0;
				TARGETED_DEVICE_FAMILY = "1,2";
			};
			name = Debug;
		};
		6288372C2D6DF21B007F14AC /* Release */ = {
			isa = XCBuildConfiguration;
			buildSettings = {
				CODE_SIGN_STYLE = Automatic;
				DEVELOPMENT_TEAM = Q6MFDLR9MG;
				IPHONEOS_DEPLOYMENT_TARGET = 18.2;
				OTHER_LDFLAGS = "-ObjC";
				PRODUCT_NAME = "$(TARGET_NAME)";
				SKIP_INSTALL = YES;
				SWIFT_VERSION = 5.0;
				TARGETED_DEVICE_FAMILY = "1,2";
			};
			name = Release;
		};
		62ED34F92D65F6E9003E8157 /* Debug */ = {
			isa = XCBuildConfiguration;
			buildSettings = {
				ALWAYS_SEARCH_USER_PATHS = NO;
				ASSETCATALOG_COMPILER_GENERATE_SWIFT_ASSET_SYMBOL_EXTENSIONS = YES;
				CLANG_ANALYZER_NONNULL = YES;
				CLANG_ANALYZER_NUMBER_OBJECT_CONVERSION = YES_AGGRESSIVE;
				CLANG_CXX_LANGUAGE_STANDARD = "gnu++20";
				CLANG_ENABLE_MODULES = YES;
				CLANG_ENABLE_OBJC_ARC = YES;
				CLANG_ENABLE_OBJC_WEAK = YES;
				CLANG_WARN_BLOCK_CAPTURE_AUTORELEASING = YES;
				CLANG_WARN_BOOL_CONVERSION = YES;
				CLANG_WARN_COMMA = YES;
				CLANG_WARN_CONSTANT_CONVERSION = YES;
				CLANG_WARN_DEPRECATED_OBJC_IMPLEMENTATIONS = YES;
				CLANG_WARN_DIRECT_OBJC_ISA_USAGE = YES_ERROR;
				CLANG_WARN_DOCUMENTATION_COMMENTS = YES;
				CLANG_WARN_EMPTY_BODY = YES;
				CLANG_WARN_ENUM_CONVERSION = YES;
				CLANG_WARN_INFINITE_RECURSION = YES;
				CLANG_WARN_INT_CONVERSION = YES;
				CLANG_WARN_NON_LITERAL_NULL_CONVERSION = YES;
				CLANG_WARN_OBJC_IMPLICIT_RETAIN_SELF = YES;
				CLANG_WARN_OBJC_LITERAL_CONVERSION = YES;
				CLANG_WARN_OBJC_ROOT_CLASS = YES_ERROR;
				CLANG_WARN_QUOTED_INCLUDE_IN_FRAMEWORK_HEADER = YES;
				CLANG_WARN_RANGE_LOOP_ANALYSIS = YES;
				CLANG_WARN_STRICT_PROTOTYPES = YES;
				CLANG_WARN_SUSPICIOUS_MOVE = YES;
				CLANG_WARN_UNGUARDED_AVAILABILITY = YES_AGGRESSIVE;
				CLANG_WARN_UNREACHABLE_CODE = YES;
				CLANG_WARN__DUPLICATE_METHOD_MATCH = YES;
				COPY_PHASE_STRIP = NO;
				DEBUG_INFORMATION_FORMAT = dwarf;
				ENABLE_STRICT_OBJC_MSGSEND = YES;
				ENABLE_TESTABILITY = YES;
				ENABLE_USER_SCRIPT_SANDBOXING = NO;
				GCC_C_LANGUAGE_STANDARD = gnu17;
				GCC_DYNAMIC_NO_PIC = NO;
				GCC_NO_COMMON_BLOCKS = YES;
				GCC_OPTIMIZATION_LEVEL = 0;
				GCC_PREPROCESSOR_DEFINITIONS = (
					"DEBUG=1",
					"$(inherited)",
				);
				GCC_WARN_64_TO_32_BIT_CONVERSION = YES;
				GCC_WARN_ABOUT_RETURN_TYPE = YES_ERROR;
				GCC_WARN_UNDECLARED_SELECTOR = YES;
				GCC_WARN_UNINITIALIZED_AUTOS = YES_AGGRESSIVE;
				GCC_WARN_UNUSED_FUNCTION = YES;
				GCC_WARN_UNUSED_VARIABLE = YES;
				IPHONEOS_DEPLOYMENT_TARGET = 17.6;
				LOCALIZATION_PREFERS_STRING_CATALOGS = YES;
				MTL_ENABLE_DEBUG_INFO = INCLUDE_SOURCE;
				MTL_FAST_MATH = YES;
				ONLY_ACTIVE_ARCH = YES;
				SDKROOT = iphoneos;
				SWIFT_ACTIVE_COMPILATION_CONDITIONS = "DEBUG $(inherited)";
				SWIFT_EMIT_LOC_STRINGS = YES;
				SWIFT_OPTIMIZATION_LEVEL = "-Onone";
			};
			name = Debug;
		};
		62ED34FA2D65F6E9003E8157 /* Release */ = {
			isa = XCBuildConfiguration;
			buildSettings = {
				ALWAYS_SEARCH_USER_PATHS = NO;
				ASSETCATALOG_COMPILER_GENERATE_SWIFT_ASSET_SYMBOL_EXTENSIONS = YES;
				CLANG_ANALYZER_NONNULL = YES;
				CLANG_ANALYZER_NUMBER_OBJECT_CONVERSION = YES_AGGRESSIVE;
				CLANG_CXX_LANGUAGE_STANDARD = "gnu++20";
				CLANG_ENABLE_MODULES = YES;
				CLANG_ENABLE_OBJC_ARC = YES;
				CLANG_ENABLE_OBJC_WEAK = YES;
				CLANG_WARN_BLOCK_CAPTURE_AUTORELEASING = YES;
				CLANG_WARN_BOOL_CONVERSION = YES;
				CLANG_WARN_COMMA = YES;
				CLANG_WARN_CONSTANT_CONVERSION = YES;
				CLANG_WARN_DEPRECATED_OBJC_IMPLEMENTATIONS = YES;
				CLANG_WARN_DIRECT_OBJC_ISA_USAGE = YES_ERROR;
				CLANG_WARN_DOCUMENTATION_COMMENTS = YES;
				CLANG_WARN_EMPTY_BODY = YES;
				CLANG_WARN_ENUM_CONVERSION = YES;
				CLANG_WARN_INFINITE_RECURSION = YES;
				CLANG_WARN_INT_CONVERSION = YES;
				CLANG_WARN_NON_LITERAL_NULL_CONVERSION = YES;
				CLANG_WARN_OBJC_IMPLICIT_RETAIN_SELF = YES;
				CLANG_WARN_OBJC_LITERAL_CONVERSION = YES;
				CLANG_WARN_OBJC_ROOT_CLASS = YES_ERROR;
				CLANG_WARN_QUOTED_INCLUDE_IN_FRAMEWORK_HEADER = YES;
				CLANG_WARN_RANGE_LOOP_ANALYSIS = YES;
				CLANG_WARN_STRICT_PROTOTYPES = YES;
				CLANG_WARN_SUSPICIOUS_MOVE = YES;
				CLANG_WARN_UNGUARDED_AVAILABILITY = YES_AGGRESSIVE;
				CLANG_WARN_UNREACHABLE_CODE = YES;
				CLANG_WARN__DUPLICATE_METHOD_MATCH = YES;
				COPY_PHASE_STRIP = NO;
				DEBUG_INFORMATION_FORMAT = "dwarf-with-dsym";
				ENABLE_NS_ASSERTIONS = NO;
				ENABLE_STRICT_OBJC_MSGSEND = YES;
				ENABLE_USER_SCRIPT_SANDBOXING = NO;
				GCC_C_LANGUAGE_STANDARD = gnu17;
				GCC_NO_COMMON_BLOCKS = YES;
				GCC_WARN_64_TO_32_BIT_CONVERSION = YES;
				GCC_WARN_ABOUT_RETURN_TYPE = YES_ERROR;
				GCC_WARN_UNDECLARED_SELECTOR = YES;
				GCC_WARN_UNINITIALIZED_AUTOS = YES_AGGRESSIVE;
				GCC_WARN_UNUSED_FUNCTION = YES;
				GCC_WARN_UNUSED_VARIABLE = YES;
				IPHONEOS_DEPLOYMENT_TARGET = 17.6;
				LOCALIZATION_PREFERS_STRING_CATALOGS = YES;
				MTL_ENABLE_DEBUG_INFO = NO;
				MTL_FAST_MATH = YES;
				SDKROOT = iphoneos;
				SWIFT_COMPILATION_MODE = wholemodule;
				SWIFT_EMIT_LOC_STRINGS = YES;
				VALIDATE_PRODUCT = YES;
			};
			name = Release;
		};
		62ED34FC2D65F6E9003E8157 /* Debug */ = {
			isa = XCBuildConfiguration;
			buildSettings = {
				ASSETCATALOG_COMPILER_APPICON_NAME = AppIcon;
				ASSETCATALOG_COMPILER_GLOBAL_ACCENT_COLOR_NAME = AccentColor;
				CODE_SIGN_STYLE = Automatic;
				CURRENT_PROJECT_VERSION = 1;
				DEVELOPMENT_ASSET_PATHS = "\"MyTerminal/Preview Content\"";
				DEVELOPMENT_TEAM = Q6MFDLR9MG;
				ENABLE_PREVIEWS = YES;
				GENERATE_INFOPLIST_FILE = YES;
				INFOPLIST_KEY_UIApplicationSceneManifest_Generation = YES;
				INFOPLIST_KEY_UIApplicationSupportsIndirectInputEvents = YES;
				INFOPLIST_KEY_UILaunchScreen_Generation = YES;
				INFOPLIST_KEY_UISupportedInterfaceOrientations_iPad = "UIInterfaceOrientationPortrait UIInterfaceOrientationPortraitUpsideDown UIInterfaceOrientationLandscapeLeft UIInterfaceOrientationLandscapeRight";
				INFOPLIST_KEY_UISupportedInterfaceOrientations_iPhone = "UIInterfaceOrientationPortrait UIInterfaceOrientationLandscapeLeft UIInterfaceOrientationLandscapeRight";
				LD_RUNPATH_SEARCH_PATHS = (
					"$(inherited)",
					"@executable_path/Frameworks",
				);
				MARKETING_VERSION = 1.0;
				PRODUCT_BUNDLE_IDENTIFIER = com.moveagency.MyTerminal;
				PRODUCT_NAME = "$(TARGET_NAME)";
				SWIFT_EMIT_LOC_STRINGS = YES;
				SWIFT_VERSION = 5.0;
				TARGETED_DEVICE_FAMILY = "1,2";
			};
			name = Debug;
		};
		62ED34FD2D65F6E9003E8157 /* Release */ = {
			isa = XCBuildConfiguration;
			buildSettings = {
				ASSETCATALOG_COMPILER_APPICON_NAME = AppIcon;
				ASSETCATALOG_COMPILER_GLOBAL_ACCENT_COLOR_NAME = AccentColor;
				CODE_SIGN_STYLE = Automatic;
				CURRENT_PROJECT_VERSION = 1;
				DEVELOPMENT_ASSET_PATHS = "\"MyTerminal/Preview Content\"";
				DEVELOPMENT_TEAM = Q6MFDLR9MG;
				ENABLE_PREVIEWS = YES;
				GENERATE_INFOPLIST_FILE = YES;
				INFOPLIST_KEY_UIApplicationSceneManifest_Generation = YES;
				INFOPLIST_KEY_UIApplicationSupportsIndirectInputEvents = YES;
				INFOPLIST_KEY_UILaunchScreen_Generation = YES;
				INFOPLIST_KEY_UISupportedInterfaceOrientations_iPad = "UIInterfaceOrientationPortrait UIInterfaceOrientationPortraitUpsideDown UIInterfaceOrientationLandscapeLeft UIInterfaceOrientationLandscapeRight";
				INFOPLIST_KEY_UISupportedInterfaceOrientations_iPhone = "UIInterfaceOrientationPortrait UIInterfaceOrientationLandscapeLeft UIInterfaceOrientationLandscapeRight";
				LD_RUNPATH_SEARCH_PATHS = (
					"$(inherited)",
					"@executable_path/Frameworks",
				);
				MARKETING_VERSION = 1.0;
				PRODUCT_BUNDLE_IDENTIFIER = com.moveagency.MyTerminal;
				PRODUCT_NAME = "$(TARGET_NAME)";
				SWIFT_EMIT_LOC_STRINGS = YES;
				SWIFT_VERSION = 5.0;
				TARGETED_DEVICE_FAMILY = "1,2";
			};
			name = Release;
		};
		62ED35022D65F6E9003E8157 /* Debug */ = {
			isa = XCBuildConfiguration;
			buildSettings = {
				CODE_SIGN_STYLE = Automatic;
				CURRENT_PROJECT_VERSION = 1;
				DEVELOPMENT_TEAM = Q6MFDLR9MG;
				GENERATE_INFOPLIST_FILE = YES;
				MARKETING_VERSION = 1.0;
				PRODUCT_BUNDLE_IDENTIFIER = com.moveagency.MyTerminalUITests;
				PRODUCT_NAME = "$(TARGET_NAME)";
				SWIFT_EMIT_LOC_STRINGS = NO;
				SWIFT_VERSION = 5.0;
				TARGETED_DEVICE_FAMILY = "1,2";
				TEST_TARGET_NAME = MyTerminal;
			};
			name = Debug;
		};
		62ED35032D65F6E9003E8157 /* Release */ = {
			isa = XCBuildConfiguration;
			buildSettings = {
				CODE_SIGN_STYLE = Automatic;
				CURRENT_PROJECT_VERSION = 1;
				DEVELOPMENT_TEAM = Q6MFDLR9MG;
				GENERATE_INFOPLIST_FILE = YES;
				MARKETING_VERSION = 1.0;
				PRODUCT_BUNDLE_IDENTIFIER = com.moveagency.MyTerminalUITests;
				PRODUCT_NAME = "$(TARGET_NAME)";
				SWIFT_EMIT_LOC_STRINGS = NO;
				SWIFT_VERSION = 5.0;
				TARGETED_DEVICE_FAMILY = "1,2";
				TEST_TARGET_NAME = MyTerminal;
			};
			name = Release;
		};
		62ED353D2D662989003E8157 /* Debug */ = {
			isa = XCBuildConfiguration;
			buildSettings = {
				CLANG_ENABLE_MODULES = YES;
				CODE_SIGN_STYLE = Automatic;
				DEVELOPMENT_TEAM = Q6MFDLR9MG;
				OTHER_LDFLAGS = "-ObjC";
				PRODUCT_NAME = "$(TARGET_NAME)";
				SKIP_INSTALL = YES;
				SWIFT_OPTIMIZATION_LEVEL = "-Onone";
				SWIFT_VERSION = 5.0;
				TARGETED_DEVICE_FAMILY = "1,2";
			};
			name = Debug;
		};
		62ED353E2D662989003E8157 /* Release */ = {
			isa = XCBuildConfiguration;
			buildSettings = {
				CLANG_ENABLE_MODULES = YES;
				CODE_SIGN_STYLE = Automatic;
				DEVELOPMENT_TEAM = Q6MFDLR9MG;
				OTHER_LDFLAGS = "-ObjC";
				PRODUCT_NAME = "$(TARGET_NAME)";
				SKIP_INSTALL = YES;
				SWIFT_VERSION = 5.0;
				TARGETED_DEVICE_FAMILY = "1,2";
			};
			name = Release;
		};
/* End XCBuildConfiguration section */

/* Begin XCConfigurationList section */
		6288371F2D6DF1D9007F14AC /* Build configuration list for PBXNativeTarget "Domain" */ = {
			isa = XCConfigurationList;
			buildConfigurations = (
				628837202D6DF1D9007F14AC /* Debug */,
				628837212D6DF1D9007F14AC /* Release */,
			);
			defaultConfigurationIsVisible = 0;
			defaultConfigurationName = Release;
		};
		6288372A2D6DF21B007F14AC /* Build configuration list for PBXNativeTarget "Data" */ = {
			isa = XCConfigurationList;
			buildConfigurations = (
				6288372B2D6DF21B007F14AC /* Debug */,
				6288372C2D6DF21B007F14AC /* Release */,
			);
			defaultConfigurationIsVisible = 0;
			defaultConfigurationName = Release;
		};
		62ED34D02D65F6E7003E8157 /* Build configuration list for PBXProject "MyTerminal" */ = {
			isa = XCConfigurationList;
			buildConfigurations = (
				62ED34F92D65F6E9003E8157 /* Debug */,
				62ED34FA2D65F6E9003E8157 /* Release */,
			);
			defaultConfigurationIsVisible = 0;
			defaultConfigurationName = Release;
		};
		62ED34FB2D65F6E9003E8157 /* Build configuration list for PBXNativeTarget "MyTerminal" */ = {
			isa = XCConfigurationList;
			buildConfigurations = (
				62ED34FC2D65F6E9003E8157 /* Debug */,
				62ED34FD2D65F6E9003E8157 /* Release */,
			);
			defaultConfigurationIsVisible = 0;
			defaultConfigurationName = Release;
		};
		62ED35012D65F6E9003E8157 /* Build configuration list for PBXNativeTarget "MyTerminalUITests" */ = {
			isa = XCConfigurationList;
			buildConfigurations = (
				62ED35022D65F6E9003E8157 /* Debug */,
				62ED35032D65F6E9003E8157 /* Release */,
			);
			defaultConfigurationIsVisible = 0;
			defaultConfigurationName = Release;
		};
		62ED353C2D662989003E8157 /* Build configuration list for PBXNativeTarget "Presentation" */ = {
			isa = XCConfigurationList;
			buildConfigurations = (
				62ED353D2D662989003E8157 /* Debug */,
				62ED353E2D662989003E8157 /* Release */,
			);
			defaultConfigurationIsVisible = 0;
			defaultConfigurationName = Release;
		};
/* End XCConfigurationList section */

/* Begin XCRemoteSwiftPackageReference section */
		62ED350F2D662244003E8157 /* XCRemoteSwiftPackageReference "StyleKit" */ = {
			isa = XCRemoteSwiftPackageReference;
			repositoryURL = "https://github.com/move-ios/StyleKit";
			requirement = {
				kind = upToNextMajorVersion;
				minimumVersion = 12.3.5;
			};
		};
		62ED35102D66228C003E8157 /* XCRemoteSwiftPackageReference "M2Webstack" */ = {
			isa = XCRemoteSwiftPackageReference;
			repositoryURL = "https://github.com/move-ios/M2Webstack";
			requirement = {
				kind = upToNextMajorVersion;
				minimumVersion = 9.0.1;
			};
		};
		62ED35112D6622B2003E8157 /* XCRemoteSwiftPackageReference "M2Extensions" */ = {
			isa = XCRemoteSwiftPackageReference;
			repositoryURL = "https://github.com/move-ios/M2Extensions";
			requirement = {
				kind = upToNextMajorVersion;
				minimumVersion = 5.0.2;
			};
		};
/* End XCRemoteSwiftPackageReference section */

/* Begin XCSwiftPackageProductDependency section */
		62ED35122D6622B2003E8157 /* M2Extensions */ = {
			isa = XCSwiftPackageProductDependency;
			package = 62ED35112D6622B2003E8157 /* XCRemoteSwiftPackageReference "M2Extensions" */;
			productName = M2Extensions;
		};
/* End XCSwiftPackageProductDependency section */
	};
	rootObject = 62ED34CD2D65F6E7003E8157 /* Project object */;
}
